
Microsoft Visual Studio Solution File, Format Version 12.00
# Visual Studio 15
VisualStudioVersion = 15.0.26124.0
MinimumVisualStudioVersion = 15.0.26124.0
Project("{FAE04EC0-301F-11D3-BF4B-00C04F79EFBC}") = "API", "API\API.csproj", "{665CC44A-43DB-43E5-8585-6BCEFDCE69F8}"
EndProject
Project("{FAE04EC0-301F-11D3-BF4B-00C04F79EFBC}") = "Core", "Core\Core.csproj", "{373B1320-D680-4602-8AC1-BA6576F06F20}"
EndProject
Project("{FAE04EC0-301F-11D3-BF4B-00C04F79EFBC}") = "Infrastructure", "Infrastructure\Infrastructure.csproj", "{59146179-EE1F-421F-851C-FACE55098A98}"
EndProject
Global
	GlobalSection(SolutionConfigurationPlatforms) = preSolution
		Debug|Any CPU = Debug|Any CPU
		Debug|x64 = Debug|x64
		Debug|x86 = Debug|x86
		Release|Any CPU = Release|Any CPU
		Release|x64 = Release|x64
		Release|x86 = Release|x86
	EndGlobalSection
	GlobalSection(SolutionProperties) = preSolution
		HideSolutionNode = FALSE
	EndGlobalSection
	GlobalSection(ProjectConfigurationPlatforms) = postSolution
		{665CC44A-43DB-43E5-8585-6BCEFDCE69F8}.Debug|Any CPU.ActiveCfg = Debug|Any CPU
		{665CC44A-43DB-43E5-8585-6BCEFDCE69F8}.Debug|Any CPU.Build.0 = Debug|Any CPU
		{665CC44A-43DB-43E5-8585-6BCEFDCE69F8}.Debug|x64.ActiveCfg = Debug|Any CPU
		{665CC44A-43DB-43E5-8585-6BCEFDCE69F8}.Debug|x64.Build.0 = Debug|Any CPU
		{665CC44A-43DB-43E5-8585-6BCEFDCE69F8}.Debug|x86.ActiveCfg = Debug|Any CPU
		{665CC44A-43DB-43E5-8585-6BCEFDCE69F8}.Debug|x86.Build.0 = Debug|Any CPU
		{665CC44A-43DB-43E5-8585-6BCEFDCE69F8}.Release|Any CPU.ActiveCfg = Release|Any CPU
		{665CC44A-43DB-43E5-8585-6BCEFDCE69F8}.Release|Any CPU.Build.0 = Release|Any CPU
		{665CC44A-43DB-43E5-8585-6BCEFDCE69F8}.Release|x64.ActiveCfg = Release|Any CPU
		{665CC44A-43DB-43E5-8585-6BCEFDCE69F8}.Release|x64.Build.0 = Release|Any CPU
		{665CC44A-43DB-43E5-8585-6BCEFDCE69F8}.Release|x86.ActiveCfg = Release|Any CPU
		{665CC44A-43DB-43E5-8585-6BCEFDCE69F8}.Release|x86.Build.0 = Release|Any CPU
		{373B1320-D680-4602-8AC1-BA6576F06F20}.Debug|Any CPU.ActiveCfg = Debug|Any CPU
		{373B1320-D680-4602-8AC1-BA6576F06F20}.Debug|Any CPU.Build.0 = Debug|Any CPU
		{373B1320-D680-4602-8AC1-BA6576F06F20}.Debug|x64.ActiveCfg = Debug|Any CPU
		{373B1320-D680-4602-8AC1-BA6576F06F20}.Debug|x64.Build.0 = Debug|Any CPU
		{373B1320-D680-4602-8AC1-BA6576F06F20}.Debug|x86.ActiveCfg = Debug|Any CPU
		{373B1320-D680-4602-8AC1-BA6576F06F20}.Debug|x86.Build.0 = Debug|Any CPU
		{373B1320-D680-4602-8AC1-BA6576F06F20}.Release|Any CPU.ActiveCfg = Release|Any CPU
		{373B1320-D680-4602-8AC1-BA6576F06F20}.Release|Any CPU.Build.0 = Release|Any CPU
		{373B1320-D680-4602-8AC1-BA6576F06F20}.Release|x64.ActiveCfg = Release|Any CPU
		{373B1320-D680-4602-8AC1-BA6576F06F20}.Release|x64.Build.0 = Release|Any CPU
		{373B1320-D680-4602-8AC1-BA6576F06F20}.Release|x86.ActiveCfg = Release|Any CPU
		{373B1320-D680-4602-8AC1-BA6576F06F20}.Release|x86.Build.0 = Release|Any CPU
		{59146179-EE1F-421F-851C-FACE55098A98}.Debug|Any CPU.ActiveCfg = Debug|Any CPU
		{59146179-EE1F-421F-851C-FACE55098A98}.Debug|Any CPU.Build.0 = Debug|Any CPU
		{59146179-EE1F-421F-851C-FACE55098A98}.Debug|x64.ActiveCfg = Debug|Any CPU
		{59146179-EE1F-421F-851C-FACE55098A98}.Debug|x64.Build.0 = Debug|Any CPU
		{59146179-EE1F-421F-851C-FACE55098A98}.Debug|x86.ActiveCfg = Debug|Any CPU
		{59146179-EE1F-421F-851C-FACE55098A98}.Debug|x86.Build.0 = Debug|Any CPU
		{59146179-EE1F-421F-851C-FACE55098A98}.Release|Any CPU.ActiveCfg = Release|Any CPU
		{59146179-EE1F-421F-851C-FACE55098A98}.Release|Any CPU.Build.0 = Release|Any CPU
		{59146179-EE1F-421F-851C-FACE55098A98}.Release|x64.ActiveCfg = Release|Any CPU
		{59146179-EE1F-421F-851C-FACE55098A98}.Release|x64.Build.0 = Release|Any CPU
		{59146179-EE1F-421F-851C-FACE55098A98}.Release|x86.ActiveCfg = Release|Any CPU
		{59146179-EE1F-421F-851C-FACE55098A98}.Release|x86.Build.0 = Release|Any CPU
	EndGlobalSection
EndGlobal
